
Microsoft Visual Studio Solution File, Format Version 12.00
# Visual Studio 15
VisualStudioVersion = 15.0.28010.2050
MinimumVisualStudioVersion = 10.0.40219.1
Project("{FAE04EC0-301F-11D3-BF4B-00C04F79EFBC}") = "Phoneword.Android", "Phoneword\Phoneword.Android\Phoneword.Android.csproj", "{5DC0C595-4395-4B71-809C-ABFA88C4DBBE}"
EndProject
Project("{FAE04EC0-301F-11D3-BF4B-00C04F79EFBC}") = "Phoneword.iOS", "Phoneword\Phoneword.iOS\Phoneword.iOS.csproj", "{DA0EDB90-5E02-4116-A434-3563F9D05B69}"
EndProject
Project("{9A19103F-16F7-4668-BE54-9A1E7A4F7556}") = "Phoneword", "Phoneword\Phoneword\Phoneword.csproj", "{2DA132EC-98D1-4E23-A3A7-0739F0F75CE2}"
EndProject
Global
	GlobalSection(SolutionConfigurationPlatforms) = preSolution
		Ad-Hoc|Any CPU = Ad-Hoc|Any CPU
		Ad-Hoc|iPhone = Ad-Hoc|iPhone
		Ad-Hoc|iPhoneSimulator = Ad-Hoc|iPhoneSimulator
		AppStore|Any CPU = AppStore|Any CPU
		AppStore|iPhone = AppStore|iPhone
		AppStore|iPhoneSimulator = AppStore|iPhoneSimulator
		Debug|Any CPU = Debug|Any CPU
		Debug|iPhone = Debug|iPhone
		Debug|iPhoneSimulator = Debug|iPhoneSimulator
		Release|Any CPU = Release|Any CPU
		Release|iPhone = Release|iPhone
		Release|iPhoneSimulator = Release|iPhoneSimulator
	EndGlobalSection
	GlobalSection(ProjectConfigurationPlatforms) = postSolution
		{5DC0C595-4395-4B71-809C-ABFA88C4DBBE}.Ad-Hoc|Any CPU.ActiveCfg = Release|Any CPU
		{5DC0C595-4395-4B71-809C-ABFA88C4DBBE}.Ad-Hoc|Any CPU.Build.0 = Release|Any CPU
		{5DC0C595-4395-4B71-809C-ABFA88C4DBBE}.Ad-Hoc|Any CPU.Deploy.0 = Release|Any CPU
		{5DC0C595-4395-4B71-809C-ABFA88C4DBBE}.Ad-Hoc|iPhone.ActiveCfg = Release|Any CPU
		{5DC0C595-4395-4B71-809C-ABFA88C4DBBE}.Ad-Hoc|iPhone.Build.0 = Release|Any CPU
		{5DC0C595-4395-4B71-809C-ABFA88C4DBBE}.Ad-Hoc|iPhone.Deploy.0 = Release|Any CPU
		{5DC0C595-4395-4B71-809C-ABFA88C4DBBE}.Ad-Hoc|iPhoneSimulator.ActiveCfg = Release|Any CPU
		{5DC0C595-4395-4B71-809C-ABFA88C4DBBE}.Ad-Hoc|iPhoneSimulator.Build.0 = Release|Any CPU
		{5DC0C595-4395-4B71-809C-ABFA88C4DBBE}.Ad-Hoc|iPhoneSimulator.Deploy.0 = Release|Any CPU
		{5DC0C595-4395-4B71-809C-ABFA88C4DBBE}.AppStore|Any CPU.ActiveCfg = Release|Any CPU
		{5DC0C595-4395-4B71-809C-ABFA88C4DBBE}.AppStore|Any CPU.Build.0 = Release|Any CPU
		{5DC0C595-4395-4B71-809C-ABFA88C4DBBE}.AppStore|Any CPU.Deploy.0 = Release|Any CPU
		{5DC0C595-4395-4B71-809C-ABFA88C4DBBE}.AppStore|iPhone.ActiveCfg = Release|Any CPU
		{5DC0C595-4395-4B71-809C-ABFA88C4DBBE}.AppStore|iPhone.Build.0 = Release|Any CPU
		{5DC0C595-4395-4B71-809C-ABFA88C4DBBE}.AppStore|iPhone.Deploy.0 = Release|Any CPU
		{5DC0C595-4395-4B71-809C-ABFA88C4DBBE}.AppStore|iPhoneSimulator.ActiveCfg = Release|Any CPU
		{5DC0C595-4395-4B71-809C-ABFA88C4DBBE}.AppStore|iPhoneSimulator.Build.0 = Release|Any CPU
		{5DC0C595-4395-4B71-809C-ABFA88C4DBBE}.AppStore|iPhoneSimulator.Deploy.0 = Release|Any CPU
		{5DC0C595-4395-4B71-809C-ABFA88C4DBBE}.Debug|Any CPU.ActiveCfg = Debug|Any CPU
		{5DC0C595-4395-4B71-809C-ABFA88C4DBBE}.Debug|Any CPU.Build.0 = Debug|Any CPU
		{5DC0C595-4395-4B71-809C-ABFA88C4DBBE}.Debug|Any CPU.Deploy.0 = Debug|Any CPU
		{5DC0C595-4395-4B71-809C-ABFA88C4DBBE}.Debug|iPhone.ActiveCfg = Debug|Any CPU
		{5DC0C595-4395-4B71-809C-ABFA88C4DBBE}.Debug|iPhone.Build.0 = Debug|Any CPU
		{5DC0C595-4395-4B71-809C-ABFA88C4DBBE}.Debug|iPhone.Deploy.0 = Debug|Any CPU
		{5DC0C595-4395-4B71-809C-ABFA88C4DBBE}.Debug|iPhoneSimulator.ActiveCfg = Debug|Any CPU
		{5DC0C595-4395-4B71-809C-ABFA88C4DBBE}.Debug|iPhoneSimulator.Build.0 = Debug|Any CPU
		{5DC0C595-4395-4B71-809C-ABFA88C4DBBE}.Debug|iPhoneSimulator.Deploy.0 = Debug|Any CPU
		{5DC0C595-4395-4B71-809C-ABFA88C4DBBE}.Release|Any CPU.ActiveCfg = Release|Any CPU
		{5DC0C595-4395-4B71-809C-ABFA88C4DBBE}.Release|Any CPU.Build.0 = Release|Any CPU
		{5DC0C595-4395-4B71-809C-ABFA88C4DBBE}.Release|Any CPU.Deploy.0 = Release|Any CPU
		{5DC0C595-4395-4B71-809C-ABFA88C4DBBE}.Release|iPhone.ActiveCfg = Release|Any CPU
		{5DC0C595-4395-4B71-809C-ABFA88C4DBBE}.Release|iPhone.Build.0 = Release|Any CPU
		{5DC0C595-4395-4B71-809C-ABFA88C4DBBE}.Release|iPhone.Deploy.0 = Release|Any CPU
		{5DC0C595-4395-4B71-809C-ABFA88C4DBBE}.Release|iPhoneSimulator.ActiveCfg = Release|Any CPU
		{5DC0C595-4395-4B71-809C-ABFA88C4DBBE}.Release|iPhoneSimulator.Build.0 = Release|Any CPU
		{5DC0C595-4395-4B71-809C-ABFA88C4DBBE}.Release|iPhoneSimulator.Deploy.0 = Release|Any CPU
		{DA0EDB90-5E02-4116-A434-3563F9D05B69}.Ad-Hoc|Any CPU.ActiveCfg = Ad-Hoc|iPhone
		{DA0EDB90-5E02-4116-A434-3563F9D05B69}.Ad-Hoc|Any CPU.Build.0 = Ad-Hoc|iPhone
		{DA0EDB90-5E02-4116-A434-3563F9D05B69}.Ad-Hoc|Any CPU.Deploy.0 = Ad-Hoc|iPhone
		{DA0EDB90-5E02-4116-A434-3563F9D05B69}.Ad-Hoc|iPhone.ActiveCfg = Ad-Hoc|iPhone
		{DA0EDB90-5E02-4116-A434-3563F9D05B69}.Ad-Hoc|iPhone.Build.0 = Ad-Hoc|iPhone
		{DA0EDB90-5E02-4116-A434-3563F9D05B69}.Ad-Hoc|iPhone.Deploy.0 = Ad-Hoc|iPhone
		{DA0EDB90-5E02-4116-A434-3563F9D05B69}.Ad-Hoc|iPhoneSimulator.ActiveCfg = Ad-Hoc|iPhoneSimulator
		{DA0EDB90-5E02-4116-A434-3563F9D05B69}.Ad-Hoc|iPhoneSimulator.Build.0 = Ad-Hoc|iPhoneSimulator
		{DA0EDB90-5E02-4116-A434-3563F9D05B69}.Ad-Hoc|iPhoneSimulator.Deploy.0 = Ad-Hoc|iPhoneSimulator
		{DA0EDB90-5E02-4116-A434-3563F9D05B69}.AppStore|Any CPU.ActiveCfg = AppStore|iPhone
		{DA0EDB90-5E02-4116-A434-3563F9D05B69}.AppStore|Any CPU.Build.0 = AppStore|iPhone
		{DA0EDB90-5E02-4116-A434-3563F9D05B69}.AppStore|Any CPU.Deploy.0 = AppStore|iPhone
		{DA0EDB90-5E02-4116-A434-3563F9D05B69}.AppStore|iPhone.ActiveCfg = AppStore|iPhone
		{DA0EDB90-5E02-4116-A434-3563F9D05B69}.AppStore|iPhone.Build.0 = AppStore|iPhone
		{DA0EDB90-5E02-4116-A434-3563F9D05B69}.AppStore|iPhone.Deploy.0 = AppStore|iPhone
		{DA0EDB90-5E02-4116-A434-3563F9D05B69}.AppStore|iPhoneSimulator.ActiveCfg = AppStore|iPhoneSimulator
		{DA0EDB90-5E02-4116-A434-3563F9D05B69}.AppStore|iPhoneSimulator.Build.0 = AppStore|iPhoneSimulator
		{DA0EDB90-5E02-4116-A434-3563F9D05B69}.AppStore|iPhoneSimulator.Deploy.0 = AppStore|iPhoneSimulator
		{DA0EDB90-5E02-4116-A434-3563F9D05B69}.Debug|Any CPU.ActiveCfg = Debug|iPhoneSimulator
		{DA0EDB90-5E02-4116-A434-3563F9D05B69}.Debug|Any CPU.Build.0 = Debug|iPhoneSimulator
		{DA0EDB90-5E02-4116-A434-3563F9D05B69}.Debug|Any CPU.Deploy.0 = Debug|iPhoneSimulator
		{DA0EDB90-5E02-4116-A434-3563F9D05B69}.Debug|iPhone.ActiveCfg = Debug|iPhone
		{DA0EDB90-5E02-4116-A434-3563F9D05B69}.Debug|iPhone.Build.0 = Debug|iPhone
		{DA0EDB90-5E02-4116-A434-3563F9D05B69}.Debug|iPhone.Deploy.0 = Debug|iPhone
		{DA0EDB90-5E02-4116-A434-3563F9D05B69}.Debug|iPhoneSimulator.ActiveCfg = Debug|iPhoneSimulator
		{DA0EDB90-5E02-4116-A434-3563F9D05B69}.Debug|iPhoneSimulator.Build.0 = Debug|iPhoneSimulator
		{DA0EDB90-5E02-4116-A434-3563F9D05B69}.Debug|iPhoneSimulator.Deploy.0 = Debug|iPhoneSimulator
		{DA0EDB90-5E02-4116-A434-3563F9D05B69}.Release|Any CPU.ActiveCfg = Release|iPhone
		{DA0EDB90-5E02-4116-A434-3563F9D05B69}.Release|Any CPU.Build.0 = Release|iPhone
		{DA0EDB90-5E02-4116-A434-3563F9D05B69}.Release|Any CPU.Deploy.0 = Release|iPhone
		{DA0EDB90-5E02-4116-A434-3563F9D05B69}.Release|iPhone.ActiveCfg = Release|iPhone
		{DA0EDB90-5E02-4116-A434-3563F9D05B69}.Release|iPhone.Build.0 = Release|iPhone
		{DA0EDB90-5E02-4116-A434-3563F9D05B69}.Release|iPhone.Deploy.0 = Release|iPhone
		{DA0EDB90-5E02-4116-A434-3563F9D05B69}.Release|iPhoneSimulator.ActiveCfg = Release|iPhoneSimulator
		{DA0EDB90-5E02-4116-A434-3563F9D05B69}.Release|iPhoneSimulator.Build.0 = Release|iPhoneSimulator
		{DA0EDB90-5E02-4116-A434-3563F9D05B69}.Release|iPhoneSimulator.Deploy.0 = Release|iPhoneSimulator
		{2DA132EC-98D1-4E23-A3A7-0739F0F75CE2}.Ad-Hoc|Any CPU.ActiveCfg = Debug|Any CPU
		{2DA132EC-98D1-4E23-A3A7-0739F0F75CE2}.Ad-Hoc|Any CPU.Build.0 = Debug|Any CPU
		{2DA132EC-98D1-4E23-A3A7-0739F0F75CE2}.Ad-Hoc|Any CPU.Deploy.0 = Debug|Any CPU
		{2DA132EC-98D1-4E23-A3A7-0739F0F75CE2}.Ad-Hoc|iPhone.ActiveCfg = Debug|Any CPU
		{2DA132EC-98D1-4E23-A3A7-0739F0F75CE2}.Ad-Hoc|iPhone.Build.0 = Debug|Any CPU
		{2DA132EC-98D1-4E23-A3A7-0739F0F75CE2}.Ad-Hoc|iPhone.Deploy.0 = Debug|Any CPU
		{2DA132EC-98D1-4E23-A3A7-0739F0F75CE2}.Ad-Hoc|iPhoneSimulator.ActiveCfg = Debug|Any CPU
		{2DA132EC-98D1-4E23-A3A7-0739F0F75CE2}.Ad-Hoc|iPhoneSimulator.Build.0 = Debug|Any CPU
		{2DA132EC-98D1-4E23-A3A7-0739F0F75CE2}.Ad-Hoc|iPhoneSimulator.Deploy.0 = Debug|Any CPU
		{2DA132EC-98D1-4E23-A3A7-0739F0F75CE2}.AppStore|Any CPU.ActiveCfg = Debug|Any CPU
		{2DA132EC-98D1-4E23-A3A7-0739F0F75CE2}.AppStore|Any CPU.Build.0 = Debug|Any CPU
		{2DA132EC-98D1-4E23-A3A7-0739F0F75CE2}.AppStore|Any CPU.Deploy.0 = Debug|Any CPU
		{2DA132EC-98D1-4E23-A3A7-0739F0F75CE2}.AppStore|iPhone.ActiveCfg = Debug|Any CPU
		{2DA132EC-98D1-4E23-A3A7-0739F0F75CE2}.AppStore|iPhone.Build.0 = Debug|Any CPU
		{2DA132EC-98D1-4E23-A3A7-0739F0F75CE2}.AppStore|iPhone.Deploy.0 = Debug|Any CPU
		{2DA132EC-98D1-4E23-A3A7-0739F0F75CE2}.AppStore|iPhoneSimulator.ActiveCfg = Debug|Any CPU
		{2DA132EC-98D1-4E23-A3A7-0739F0F75CE2}.AppStore|iPhoneSimulator.Build.0 = Debug|Any CPU
		{2DA132EC-98D1-4E23-A3A7-0739F0F75CE2}.AppStore|iPhoneSimulator.Deploy.0 = Debug|Any CPU
		{2DA132EC-98D1-4E23-A3A7-0739F0F75CE2}.Debug|Any CPU.ActiveCfg = Debug|Any CPU
		{2DA132EC-98D1-4E23-A3A7-0739F0F75CE2}.Debug|Any CPU.Build.0 = Debug|Any CPU
		{2DA132EC-98D1-4E23-A3A7-0739F0F75CE2}.Debug|Any CPU.Deploy.0 = Debug|Any CPU
		{2DA132EC-98D1-4E23-A3A7-0739F0F75CE2}.Debug|iPhone.ActiveCfg = Debug|Any CPU
		{2DA132EC-98D1-4E23-A3A7-0739F0F75CE2}.Debug|iPhone.Build.0 = Debug|Any CPU
		{2DA132EC-98D1-4E23-A3A7-0739F0F75CE2}.Debug|iPhone.Deploy.0 = Debug|Any CPU
		{2DA132EC-98D1-4E23-A3A7-0739F0F75CE2}.Debug|iPhoneSimulator.ActiveCfg = Debug|Any CPU
		{2DA132EC-98D1-4E23-A3A7-0739F0F75CE2}.Debug|iPhoneSimulator.Build.0 = Debug|Any CPU
		{2DA132EC-98D1-4E23-A3A7-0739F0F75CE2}.Debug|iPhoneSimulator.Deploy.0 = Debug|Any CPU
		{2DA132EC-98D1-4E23-A3A7-0739F0F75CE2}.Release|Any CPU.ActiveCfg = Release|Any CPU
		{2DA132EC-98D1-4E23-A3A7-0739F0F75CE2}.Release|Any CPU.Build.0 = Release|Any CPU
		{2DA132EC-98D1-4E23-A3A7-0739F0F75CE2}.Release|Any CPU.Deploy.0 = Release|Any CPU
		{2DA132EC-98D1-4E23-A3A7-0739F0F75CE2}.Release|iPhone.ActiveCfg = Release|Any CPU
		{2DA132EC-98D1-4E23-A3A7-0739F0F75CE2}.Release|iPhone.Build.0 = Release|Any CPU
		{2DA132EC-98D1-4E23-A3A7-0739F0F75CE2}.Release|iPhone.Deploy.0 = Release|Any CPU
		{2DA132EC-98D1-4E23-A3A7-0739F0F75CE2}.Release|iPhoneSimulator.ActiveCfg = Release|Any CPU
		{2DA132EC-98D1-4E23-A3A7-0739F0F75CE2}.Release|iPhoneSimulator.Build.0 = Release|Any CPU
		{2DA132EC-98D1-4E23-A3A7-0739F0F75CE2}.Release|iPhoneSimulator.Deploy.0 = Release|Any CPU
	EndGlobalSection
	GlobalSection(SolutionProperties) = preSolution
		HideSolutionNode = FALSE
	EndGlobalSection
	GlobalSection(ExtensibilityGlobals) = postSolution
		SolutionGuid = {84AA192C-6D4D-435B-AD0D-E9439ADE4833}
	EndGlobalSection
EndGlobal
